
Microsoft Visual Studio Solution File, Format Version 12.00
# Visual Studio Version 16
VisualStudioVersion = 16.0.29728.190
MinimumVisualStudioVersion = 10.0.40219.1
Project("{FAE04EC0-301F-11D3-BF4B-00C04F79EFBC}") = "Afpetit", "Afpetit.csproj", "{DCD3CBDF-B89D-4FB5-9122-FC9D1765F359}"
EndProject
Project("{FAE04EC0-301F-11D3-BF4B-00C04F79EFBC}") = "Afpetit_BackResto", "..\Afpetit_BackResto\Afpetit_BackResto.csproj", "{879E077C-1201-4B25-89AF-8DD0371E9ABE}"
EndProject
Global
	GlobalSection(SolutionConfigurationPlatforms) = preSolution
		Debug|Any CPU = Debug|Any CPU
		Release|Any CPU = Release|Any CPU
	EndGlobalSection
	GlobalSection(ProjectConfigurationPlatforms) = postSolution
		{DCD3CBDF-B89D-4FB5-9122-FC9D1765F359}.Debug|Any CPU.ActiveCfg = Debug|Any CPU
		{DCD3CBDF-B89D-4FB5-9122-FC9D1765F359}.Debug|Any CPU.Build.0 = Debug|Any CPU
		{DCD3CBDF-B89D-4FB5-9122-FC9D1765F359}.Release|Any CPU.ActiveCfg = Release|Any CPU
		{DCD3CBDF-B89D-4FB5-9122-FC9D1765F359}.Release|Any CPU.Build.0 = Release|Any CPU
		{879E077C-1201-4B25-89AF-8DD0371E9ABE}.Debug|Any CPU.ActiveCfg = Debug|Any CPU
		{879E077C-1201-4B25-89AF-8DD0371E9ABE}.Debug|Any CPU.Build.0 = Debug|Any CPU
		{879E077C-1201-4B25-89AF-8DD0371E9ABE}.Release|Any CPU.ActiveCfg = Release|Any CPU
		{879E077C-1201-4B25-89AF-8DD0371E9ABE}.Release|Any CPU.Build.0 = Release|Any CPU
	EndGlobalSection
	GlobalSection(SolutionProperties) = preSolution
		HideSolutionNode = FALSE
	EndGlobalSection
	GlobalSection(ExtensibilityGlobals) = postSolution
		SolutionGuid = {119DA331-F266-4967-B253-ABBA4FFFE4B9}
	EndGlobalSection
EndGlobal
